// !$*UTF8*$!
{
	archiveVersion = 1;
	classes = {
	};
	objectVersion = 55;
	objects = {

/* Begin PBXBuildFile section */
		8DCE126C4631DD6CB2617BCA /* Pods_FleetTests.framework in Frameworks */ = {isa = PBXBuildFile; fileRef = F9CA4CCC5B252CB737919D38 /* Pods_FleetTests.framework */; };
		DAF4C02C08D573DAD0E54073 /* Pods_Fleet.framework in Frameworks */ = {isa = PBXBuildFile; fileRef = 2E598473EE48E061C5BE3101 /* Pods_Fleet.framework */; };
		E84AE614282A70AB0020CC1B /* VehiclesViewModel.swift in Sources */ = {isa = PBXBuildFile; fileRef = E84AE613282A70AB0020CC1B /* VehiclesViewModel.swift */; };
		E861C557282B54FD001CD326 /* ApiKeyViewController.swift in Sources */ = {isa = PBXBuildFile; fileRef = E861C556282B54FD001CD326 /* ApiKeyViewController.swift */; };
		E88E5EB428287EE3002CB004 /* AppDelegate.swift in Sources */ = {isa = PBXBuildFile; fileRef = E88E5EB328287EE3002CB004 /* AppDelegate.swift */; };
		E88E5EB628287EE3002CB004 /* SceneDelegate.swift in Sources */ = {isa = PBXBuildFile; fileRef = E88E5EB528287EE3002CB004 /* SceneDelegate.swift */; };
		E88E5EBD28287EE4002CB004 /* Assets.xcassets in Resources */ = {isa = PBXBuildFile; fileRef = E88E5EBC28287EE4002CB004 /* Assets.xcassets */; };
		E88E5EC028287EE4002CB004 /* LaunchScreen.storyboard in Resources */ = {isa = PBXBuildFile; fileRef = E88E5EBE28287EE4002CB004 /* LaunchScreen.storyboard */; };
		E88E5ECD28288D14002CB004 /* AppCoordinator.swift in Sources */ = {isa = PBXBuildFile; fileRef = E88E5ECC28288D14002CB004 /* AppCoordinator.swift */; };
		E88E5ECF28288D1E002CB004 /* Coordinator.swift in Sources */ = {isa = PBXBuildFile; fileRef = E88E5ECE28288D1E002CB004 /* Coordinator.swift */; };
		E88E5ED92828ADD2002CB004 /* Vehicle.swift in Sources */ = {isa = PBXBuildFile; fileRef = E88E5ED82828ADD2002CB004 /* Vehicle.swift */; };
		E88E5EDF2828B7D0002CB004 /* ApiClient.swift in Sources */ = {isa = PBXBuildFile; fileRef = E88E5EDE2828B7D0002CB004 /* ApiClient.swift */; };
		E88E5EE42828B8D9002CB004 /* Endpoint.swift in Sources */ = {isa = PBXBuildFile; fileRef = E88E5EE32828B8D9002CB004 /* Endpoint.swift */; };
		E88E5EE92828BF14002CB004 /* LocalDataStore.swift in Sources */ = {isa = PBXBuildFile; fileRef = E88E5EE82828BF14002CB004 /* LocalDataStore.swift */; };
		E88E5EEB2829DAD3002CB004 /* ApiKeyViewModel.swift in Sources */ = {isa = PBXBuildFile; fileRef = E88E5EEA2829DAD3002CB004 /* ApiKeyViewModel.swift */; };
		E88E5EED2829DBF2002CB004 /* ApiKeyService.swift in Sources */ = {isa = PBXBuildFile; fileRef = E88E5EEC2829DBF2002CB004 /* ApiKeyService.swift */; };
		E88E5EF02829E978002CB004 /* VehiclesCoordinator.swift in Sources */ = {isa = PBXBuildFile; fileRef = E88E5EEF2829E978002CB004 /* VehiclesCoordinator.swift */; };
		E88E5EF22829E9A5002CB004 /* VehiclesViewController.swift in Sources */ = {isa = PBXBuildFile; fileRef = E88E5EF12829E9A5002CB004 /* VehiclesViewController.swift */; };
		E88E5EF42829EA3B002CB004 /* Dynamic.swift in Sources */ = {isa = PBXBuildFile; fileRef = E88E5EF32829EA3B002CB004 /* Dynamic.swift */; };
		E88E5EF62829EE60002CB004 /* ViewConfiguration.swift in Sources */ = {isa = PBXBuildFile; fileRef = E88E5EF52829EE60002CB004 /* ViewConfiguration.swift */; };
		E88E5EF92829EEAC002CB004 /* VehicleCell.swift in Sources */ = {isa = PBXBuildFile; fileRef = E88E5EF82829EEAC002CB004 /* VehicleCell.swift */; };
		E8AB9BCC282C8AB600A400CB /* ApiKeyServiceTests.swift in Sources */ = {isa = PBXBuildFile; fileRef = E8AB9BCB282C8AB600A400CB /* ApiKeyServiceTests.swift */; };
		E8AB9BCF282C948800A400CB /* LocalDataStoreMock.swift in Sources */ = {isa = PBXBuildFile; fileRef = E8AB9BCE282C948800A400CB /* LocalDataStoreMock.swift */; };
		E8AB9BD3282CA2BD00A400CB /* ApiKeyViewModelTests.swift in Sources */ = {isa = PBXBuildFile; fileRef = E8AB9BD2282CA2BD00A400CB /* ApiKeyViewModelTests.swift */; };
		E8AB9BD6282CA31800A400CB /* ApiKeyServiceMock.swift in Sources */ = {isa = PBXBuildFile; fileRef = E8AB9BD5282CA31800A400CB /* ApiKeyServiceMock.swift */; };
		E8AB9BD8282D0DA400A400CB /* VehiclesService.swift in Sources */ = {isa = PBXBuildFile; fileRef = E8AB9BD7282D0DA400A400CB /* VehiclesService.swift */; };
		E8AB9BDA282D0EF500A400CB /* VehiclesDataSource.swift in Sources */ = {isa = PBXBuildFile; fileRef = E8AB9BD9282D0EF500A400CB /* VehiclesDataSource.swift */; };
		E8AB9BDC282D10D900A400CB /* UserDefaultsKey.swift in Sources */ = {isa = PBXBuildFile; fileRef = E8AB9BDB282D10D900A400CB /* UserDefaultsKey.swift */; };
		E8AB9BDF282D157000A400CB /* Alamofire in Frameworks */ = {isa = PBXBuildFile; productRef = E8AB9BDE282D157000A400CB /* Alamofire */; };
		E8AB9BE1282D173F00A400CB /* ApiRequestInterceptor.swift in Sources */ = {isa = PBXBuildFile; fileRef = E8AB9BE0282D173F00A400CB /* ApiRequestInterceptor.swift */; };
		E8AB9BE3282D278B00A400CB /* NetworkError.swift in Sources */ = {isa = PBXBuildFile; fileRef = E8AB9BE2282D278B00A400CB /* NetworkError.swift */; };
		E8AB9BE6282D3B8800A400CB /* ApiRequestInterceptorTests.swift in Sources */ = {isa = PBXBuildFile; fileRef = E8AB9BE5282D3B8800A400CB /* ApiRequestInterceptorTests.swift */; };
		E8AB9BE8282DB83400A400CB /* BodyResponse.swift in Sources */ = {isa = PBXBuildFile; fileRef = E8AB9BE7282DB83400A400CB /* BodyResponse.swift */; };
		E8AB9BEA282DCB3100A400CB /* AlertModel.swift in Sources */ = {isa = PBXBuildFile; fileRef = E8AB9BE9282DCB3100A400CB /* AlertModel.swift */; };
		E8AB9BEC282DCBB400A400CB /* Either.swift in Sources */ = {isa = PBXBuildFile; fileRef = E8AB9BEB282DCBB400A400CB /* Either.swift */; };
		E8AB9BEF282DEC2000A400CB /* Date+Formatter.swift in Sources */ = {isa = PBXBuildFile; fileRef = E8AB9BEE282DEC2000A400CB /* Date+Formatter.swift */; };
		E8AB9BF1282DF14500A400CB /* DateUtils.swift in Sources */ = {isa = PBXBuildFile; fileRef = E8AB9BF0282DF14500A400CB /* DateUtils.swift */; };
		E8ADDC05282E040900294E59 /* ApiKeyCoordinator.swift in Sources */ = {isa = PBXBuildFile; fileRef = E8ADDC04282E040900294E59 /* ApiKeyCoordinator.swift */; };
/* End PBXBuildFile section */

/* Begin PBXContainerItemProxy section */
		E8AB9BC2282C8A1C00A400CB /* PBXContainerItemProxy */ = {
			isa = PBXContainerItemProxy;
			containerPortal = E88E5EA828287EE3002CB004 /* Project object */;
			proxyType = 1;
			remoteGlobalIDString = E88E5EAF28287EE3002CB004;
			remoteInfo = Fleet;
		};
/* End PBXContainerItemProxy section */

/* Begin PBXFileReference section */
		2E598473EE48E061C5BE3101 /* Pods_Fleet.framework */ = {isa = PBXFileReference; explicitFileType = wrapper.framework; includeInIndex = 0; path = Pods_Fleet.framework; sourceTree = BUILT_PRODUCTS_DIR; };
		8334484CDC9A8A389730122C /* Pods-FleetTests.debug.xcconfig */ = {isa = PBXFileReference; includeInIndex = 1; lastKnownFileType = text.xcconfig; name = "Pods-FleetTests.debug.xcconfig"; path = "Target Support Files/Pods-FleetTests/Pods-FleetTests.debug.xcconfig"; sourceTree = "<group>"; };
		B6FB31E028C93096EA915265 /* Pods-FleetTests.release.xcconfig */ = {isa = PBXFileReference; includeInIndex = 1; lastKnownFileType = text.xcconfig; name = "Pods-FleetTests.release.xcconfig"; path = "Target Support Files/Pods-FleetTests/Pods-FleetTests.release.xcconfig"; sourceTree = "<group>"; };
		E84AE613282A70AB0020CC1B /* VehiclesViewModel.swift */ = {isa = PBXFileReference; lastKnownFileType = sourcecode.swift; path = VehiclesViewModel.swift; sourceTree = "<group>"; };
		E861C556282B54FD001CD326 /* ApiKeyViewController.swift */ = {isa = PBXFileReference; lastKnownFileType = sourcecode.swift; path = ApiKeyViewController.swift; sourceTree = "<group>"; };
		E88E5EB028287EE3002CB004 /* Fleet.app */ = {isa = PBXFileReference; explicitFileType = wrapper.application; includeInIndex = 0; path = Fleet.app; sourceTree = BUILT_PRODUCTS_DIR; };
		E88E5EB328287EE3002CB004 /* AppDelegate.swift */ = {isa = PBXFileReference; lastKnownFileType = sourcecode.swift; path = AppDelegate.swift; sourceTree = "<group>"; };
		E88E5EB528287EE3002CB004 /* SceneDelegate.swift */ = {isa = PBXFileReference; lastKnownFileType = sourcecode.swift; path = SceneDelegate.swift; sourceTree = "<group>"; };
		E88E5EBC28287EE4002CB004 /* Assets.xcassets */ = {isa = PBXFileReference; lastKnownFileType = folder.assetcatalog; path = Assets.xcassets; sourceTree = "<group>"; };
		E88E5EBF28287EE4002CB004 /* Base */ = {isa = PBXFileReference; lastKnownFileType = file.storyboard; name = Base; path = Base.lproj/LaunchScreen.storyboard; sourceTree = "<group>"; };
		E88E5EC128287EE4002CB004 /* Info.plist */ = {isa = PBXFileReference; lastKnownFileType = text.plist.xml; path = Info.plist; sourceTree = "<group>"; };
		E88E5ECC28288D14002CB004 /* AppCoordinator.swift */ = {isa = PBXFileReference; lastKnownFileType = sourcecode.swift; path = AppCoordinator.swift; sourceTree = "<group>"; };
		E88E5ECE28288D1E002CB004 /* Coordinator.swift */ = {isa = PBXFileReference; lastKnownFileType = sourcecode.swift; path = Coordinator.swift; sourceTree = "<group>"; };
		E88E5ED82828ADD2002CB004 /* Vehicle.swift */ = {isa = PBXFileReference; lastKnownFileType = sourcecode.swift; path = Vehicle.swift; sourceTree = "<group>"; };
		E88E5EDE2828B7D0002CB004 /* ApiClient.swift */ = {isa = PBXFileReference; lastKnownFileType = sourcecode.swift; path = ApiClient.swift; sourceTree = "<group>"; };
		E88E5EE32828B8D9002CB004 /* Endpoint.swift */ = {isa = PBXFileReference; lastKnownFileType = sourcecode.swift; path = Endpoint.swift; sourceTree = "<group>"; };
		E88E5EE82828BF14002CB004 /* LocalDataStore.swift */ = {isa = PBXFileReference; lastKnownFileType = sourcecode.swift; path = LocalDataStore.swift; sourceTree = "<group>"; };
		E88E5EEA2829DAD3002CB004 /* ApiKeyViewModel.swift */ = {isa = PBXFileReference; lastKnownFileType = sourcecode.swift; path = ApiKeyViewModel.swift; sourceTree = "<group>"; };
		E88E5EEC2829DBF2002CB004 /* ApiKeyService.swift */ = {isa = PBXFileReference; lastKnownFileType = sourcecode.swift; path = ApiKeyService.swift; sourceTree = "<group>"; };
		E88E5EEF2829E978002CB004 /* VehiclesCoordinator.swift */ = {isa = PBXFileReference; lastKnownFileType = sourcecode.swift; path = VehiclesCoordinator.swift; sourceTree = "<group>"; };
		E88E5EF12829E9A5002CB004 /* VehiclesViewController.swift */ = {isa = PBXFileReference; lastKnownFileType = sourcecode.swift; path = VehiclesViewController.swift; sourceTree = "<group>"; };
		E88E5EF32829EA3B002CB004 /* Dynamic.swift */ = {isa = PBXFileReference; lastKnownFileType = sourcecode.swift; path = Dynamic.swift; sourceTree = "<group>"; };
		E88E5EF52829EE60002CB004 /* ViewConfiguration.swift */ = {isa = PBXFileReference; lastKnownFileType = sourcecode.swift; path = ViewConfiguration.swift; sourceTree = "<group>"; };
		E88E5EF82829EEAC002CB004 /* VehicleCell.swift */ = {isa = PBXFileReference; lastKnownFileType = sourcecode.swift; path = VehicleCell.swift; sourceTree = "<group>"; };
		E8AB9BBE282C8A1C00A400CB /* FleetTests.xctest */ = {isa = PBXFileReference; explicitFileType = wrapper.cfbundle; includeInIndex = 0; path = FleetTests.xctest; sourceTree = BUILT_PRODUCTS_DIR; };
		E8AB9BCA282C8AB500A400CB /* FleetTests-Bridging-Header.h */ = {isa = PBXFileReference; lastKnownFileType = sourcecode.c.h; path = "FleetTests-Bridging-Header.h"; sourceTree = "<group>"; };
		E8AB9BCB282C8AB600A400CB /* ApiKeyServiceTests.swift */ = {isa = PBXFileReference; lastKnownFileType = sourcecode.swift; path = ApiKeyServiceTests.swift; sourceTree = "<group>"; };
		E8AB9BCE282C948800A400CB /* LocalDataStoreMock.swift */ = {isa = PBXFileReference; lastKnownFileType = sourcecode.swift; path = LocalDataStoreMock.swift; sourceTree = "<group>"; };
		E8AB9BD2282CA2BD00A400CB /* ApiKeyViewModelTests.swift */ = {isa = PBXFileReference; lastKnownFileType = sourcecode.swift; path = ApiKeyViewModelTests.swift; sourceTree = "<group>"; };
		E8AB9BD5282CA31800A400CB /* ApiKeyServiceMock.swift */ = {isa = PBXFileReference; lastKnownFileType = sourcecode.swift; path = ApiKeyServiceMock.swift; sourceTree = "<group>"; };
		E8AB9BD7282D0DA400A400CB /* VehiclesService.swift */ = {isa = PBXFileReference; lastKnownFileType = sourcecode.swift; path = VehiclesService.swift; sourceTree = "<group>"; };
		E8AB9BD9282D0EF500A400CB /* VehiclesDataSource.swift */ = {isa = PBXFileReference; lastKnownFileType = sourcecode.swift; path = VehiclesDataSource.swift; sourceTree = "<group>"; };
		E8AB9BDB282D10D900A400CB /* UserDefaultsKey.swift */ = {isa = PBXFileReference; lastKnownFileType = sourcecode.swift; path = UserDefaultsKey.swift; sourceTree = "<group>"; };
		E8AB9BE0282D173F00A400CB /* ApiRequestInterceptor.swift */ = {isa = PBXFileReference; lastKnownFileType = sourcecode.swift; path = ApiRequestInterceptor.swift; sourceTree = "<group>"; };
		E8AB9BE2282D278B00A400CB /* NetworkError.swift */ = {isa = PBXFileReference; lastKnownFileType = sourcecode.swift; path = NetworkError.swift; sourceTree = "<group>"; };
		E8AB9BE5282D3B8800A400CB /* ApiRequestInterceptorTests.swift */ = {isa = PBXFileReference; lastKnownFileType = sourcecode.swift; path = ApiRequestInterceptorTests.swift; sourceTree = "<group>"; };
		E8AB9BE7282DB83400A400CB /* BodyResponse.swift */ = {isa = PBXFileReference; lastKnownFileType = sourcecode.swift; path = BodyResponse.swift; sourceTree = "<group>"; };
		E8AB9BE9282DCB3100A400CB /* AlertModel.swift */ = {isa = PBXFileReference; lastKnownFileType = sourcecode.swift; path = AlertModel.swift; sourceTree = "<group>"; };
		E8AB9BEB282DCBB400A400CB /* Either.swift */ = {isa = PBXFileReference; lastKnownFileType = sourcecode.swift; path = Either.swift; sourceTree = "<group>"; };
		E8AB9BEE282DEC2000A400CB /* Date+Formatter.swift */ = {isa = PBXFileReference; lastKnownFileType = sourcecode.swift; path = "Date+Formatter.swift"; sourceTree = "<group>"; };
		E8AB9BF0282DF14500A400CB /* DateUtils.swift */ = {isa = PBXFileReference; lastKnownFileType = sourcecode.swift; path = DateUtils.swift; sourceTree = "<group>"; };
		E8ADDC04282E040900294E59 /* ApiKeyCoordinator.swift */ = {isa = PBXFileReference; lastKnownFileType = sourcecode.swift; path = ApiKeyCoordinator.swift; sourceTree = "<group>"; };
		EAE9DE11A802E3C8200E5689 /* Pods-Fleet.release.xcconfig */ = {isa = PBXFileReference; includeInIndex = 1; lastKnownFileType = text.xcconfig; name = "Pods-Fleet.release.xcconfig"; path = "Target Support Files/Pods-Fleet/Pods-Fleet.release.xcconfig"; sourceTree = "<group>"; };
		EB6A70C9693D8608746AFEA9 /* Pods-Fleet.debug.xcconfig */ = {isa = PBXFileReference; includeInIndex = 1; lastKnownFileType = text.xcconfig; name = "Pods-Fleet.debug.xcconfig"; path = "Target Support Files/Pods-Fleet/Pods-Fleet.debug.xcconfig"; sourceTree = "<group>"; };
		F9CA4CCC5B252CB737919D38 /* Pods_FleetTests.framework */ = {isa = PBXFileReference; explicitFileType = wrapper.framework; includeInIndex = 0; path = Pods_FleetTests.framework; sourceTree = BUILT_PRODUCTS_DIR; };
/* End PBXFileReference section */

/* Begin PBXFrameworksBuildPhase section */
		E88E5EAD28287EE3002CB004 /* Frameworks */ = {
			isa = PBXFrameworksBuildPhase;
			buildActionMask = 2147483647;
			files = (
				E8AB9BDF282D157000A400CB /* Alamofire in Frameworks */,
				DAF4C02C08D573DAD0E54073 /* Pods_Fleet.framework in Frameworks */,
			);
			runOnlyForDeploymentPostprocessing = 0;
		};
		E8AB9BBB282C8A1C00A400CB /* Frameworks */ = {
			isa = PBXFrameworksBuildPhase;
			buildActionMask = 2147483647;
			files = (
				8DCE126C4631DD6CB2617BCA /* Pods_FleetTests.framework in Frameworks */,
			);
			runOnlyForDeploymentPostprocessing = 0;
		};
/* End PBXFrameworksBuildPhase section */

/* Begin PBXGroup section */
		6570340E6D101CE646985C00 /* Pods */ = {
			isa = PBXGroup;
			children = (
				EB6A70C9693D8608746AFEA9 /* Pods-Fleet.debug.xcconfig */,
				EAE9DE11A802E3C8200E5689 /* Pods-Fleet.release.xcconfig */,
				8334484CDC9A8A389730122C /* Pods-FleetTests.debug.xcconfig */,
				B6FB31E028C93096EA915265 /* Pods-FleetTests.release.xcconfig */,
			);
			name = Pods;
			path = Pods;
			sourceTree = "<group>";
		};
		8555E7C9778709DE4476CD9D /* Frameworks */ = {
			isa = PBXGroup;
			children = (
				2E598473EE48E061C5BE3101 /* Pods_Fleet.framework */,
				F9CA4CCC5B252CB737919D38 /* Pods_FleetTests.framework */,
			);
			name = Frameworks;
			sourceTree = "<group>";
		};
		E88E5EA728287EE3002CB004 = {
			isa = PBXGroup;
			children = (
				E88E5EB228287EE3002CB004 /* Fleet */,
				E8AB9BBF282C8A1C00A400CB /* FleetTests */,
				E88E5EB128287EE3002CB004 /* Products */,
				6570340E6D101CE646985C00 /* Pods */,
				8555E7C9778709DE4476CD9D /* Frameworks */,
			);
			sourceTree = "<group>";
		};
		E88E5EB128287EE3002CB004 /* Products */ = {
			isa = PBXGroup;
			children = (
				E88E5EB028287EE3002CB004 /* Fleet.app */,
				E8AB9BBE282C8A1C00A400CB /* FleetTests.xctest */,
			);
			name = Products;
			sourceTree = "<group>";
		};
		E88E5EB228287EE3002CB004 /* Fleet */ = {
			isa = PBXGroup;
			children = (
				E88E5ECA28288CF6002CB004 /* Scenes */,
				E88E5ED028289AB1002CB004 /* Supporting Files */,
			);
			path = Fleet;
			sourceTree = "<group>";
		};
		E88E5ECA28288CF6002CB004 /* Scenes */ = {
			isa = PBXGroup;
			children = (
				E88E5EE72828BF03002CB004 /* Api Key */,
				E88E5EDA2828B4F8002CB004 /* Shared */,
				E88E5ED52828AD84002CB004 /* Vehicles */,
				E88E5ED128289ADA002CB004 /* Core */,
			);
			path = Scenes;
			sourceTree = "<group>";
		};
		E88E5ED028289AB1002CB004 /* Supporting Files */ = {
			isa = PBXGroup;
			children = (
				E88E5EBC28287EE4002CB004 /* Assets.xcassets */,
				E88E5EC128287EE4002CB004 /* Info.plist */,
			);
			path = "Supporting Files";
			sourceTree = "<group>";
		};
		E88E5ED128289ADA002CB004 /* Core */ = {
			isa = PBXGroup;
			children = (
				E88E5EB328287EE3002CB004 /* AppDelegate.swift */,
				E88E5EB528287EE3002CB004 /* SceneDelegate.swift */,
				E88E5ECE28288D1E002CB004 /* Coordinator.swift */,
				E88E5ECC28288D14002CB004 /* AppCoordinator.swift */,
				E88E5EBE28287EE4002CB004 /* LaunchScreen.storyboard */,
			);
			path = Core;
			sourceTree = "<group>";
		};
		E88E5ED52828AD84002CB004 /* Vehicles */ = {
			isa = PBXGroup;
			children = (
				E88E5EF72829EE9B002CB004 /* Views */,
				E88E5ED82828ADD2002CB004 /* Vehicle.swift */,
				E88E5EEF2829E978002CB004 /* VehiclesCoordinator.swift */,
				E88E5EF12829E9A5002CB004 /* VehiclesViewController.swift */,
				E84AE613282A70AB0020CC1B /* VehiclesViewModel.swift */,
				E8AB9BD7282D0DA400A400CB /* VehiclesService.swift */,
				E8AB9BD9282D0EF500A400CB /* VehiclesDataSource.swift */,
			);
			path = Vehicles;
			sourceTree = "<group>";
		};
		E88E5EDA2828B4F8002CB004 /* Shared */ = {
			isa = PBXGroup;
			children = (
				E88E5EE82828BF14002CB004 /* LocalDataStore.swift */,
				E8AB9BED282DEC0E00A400CB /* Extensions */,
				E88E5EDB2828B521002CB004 /* Network */,
				E88E5EF32829EA3B002CB004 /* Dynamic.swift */,
				E88E5EF52829EE60002CB004 /* ViewConfiguration.swift */,
				E8AB9BE9282DCB3100A400CB /* AlertModel.swift */,
				E8AB9BDB282D10D900A400CB /* UserDefaultsKey.swift */,
				E8AB9BEB282DCBB400A400CB /* Either.swift */,
				E8AB9BF0282DF14500A400CB /* DateUtils.swift */,
			);
			path = Shared;
			sourceTree = "<group>";
		};
		E88E5EDB2828B521002CB004 /* Network */ = {
			isa = PBXGroup;
			children = (
				E88E5EDE2828B7D0002CB004 /* ApiClient.swift */,
				E88E5EE32828B8D9002CB004 /* Endpoint.swift */,
				E8AB9BE0282D173F00A400CB /* ApiRequestInterceptor.swift */,
				E8AB9BE2282D278B00A400CB /* NetworkError.swift */,
				E8AB9BE7282DB83400A400CB /* BodyResponse.swift */,
			);
			path = Network;
			sourceTree = "<group>";
		};
		E88E5EE72828BF03002CB004 /* Api Key */ = {
			isa = PBXGroup;
			children = (
				E88E5EEA2829DAD3002CB004 /* ApiKeyViewModel.swift */,
				E88E5EEC2829DBF2002CB004 /* ApiKeyService.swift */,
				E861C556282B54FD001CD326 /* ApiKeyViewController.swift */,
				E8ADDC04282E040900294E59 /* ApiKeyCoordinator.swift */,
			);
			path = "Api Key";
			sourceTree = "<group>";
		};
		E88E5EF72829EE9B002CB004 /* Views */ = {
			isa = PBXGroup;
			children = (
				E88E5EF82829EEAC002CB004 /* VehicleCell.swift */,
			);
			path = Views;
			sourceTree = "<group>";
		};
		E8AB9BBF282C8A1C00A400CB /* FleetTests */ = {
			isa = PBXGroup;
			children = (
				E8AB9BCA282C8AB500A400CB /* FleetTests-Bridging-Header.h */,
				E8AB9BC7282C8A3D00A400CB /* Scenes */,
			);
			path = FleetTests;
			sourceTree = "<group>";
		};
		E8AB9BC7282C8A3D00A400CB /* Scenes */ = {
			isa = PBXGroup;
			children = (
				E8AB9BD1282CA25F00A400CB /* Shared */,
				E8AB9BC9282C8A7B00A400CB /* Api Key */,
			);
			path = Scenes;
			sourceTree = "<group>";
		};
		E8AB9BC9282C8A7B00A400CB /* Api Key */ = {
			isa = PBXGroup;
			children = (
				E8AB9BD4282CA30800A400CB /* Mocks */,
				E8AB9BCB282C8AB600A400CB /* ApiKeyServiceTests.swift */,
				E8AB9BD2282CA2BD00A400CB /* ApiKeyViewModelTests.swift */,
			);
			path = "Api Key";
			sourceTree = "<group>";
		};
		E8AB9BCD282C945D00A400CB /* Mocks */ = {
			isa = PBXGroup;
			children = (
				E8AB9BCE282C948800A400CB /* LocalDataStoreMock.swift */,
			);
			path = Mocks;
			sourceTree = "<group>";
		};
		E8AB9BD1282CA25F00A400CB /* Shared */ = {
			isa = PBXGroup;
			children = (
				E8AB9BCD282C945D00A400CB /* Mocks */,
				E8AB9BE4282D38CC00A400CB /* Network */,
			);
			path = Shared;
			sourceTree = "<group>";
		};
		E8AB9BD4282CA30800A400CB /* Mocks */ = {
			isa = PBXGroup;
			children = (
				E8AB9BD5282CA31800A400CB /* ApiKeyServiceMock.swift */,
			);
			path = Mocks;
			sourceTree = "<group>";
		};
		E8AB9BE4282D38CC00A400CB /* Network */ = {
			isa = PBXGroup;
			children = (
				E8AB9BE5282D3B8800A400CB /* ApiRequestInterceptorTests.swift */,
			);
			path = Network;
			sourceTree = "<group>";
		};
		E8AB9BED282DEC0E00A400CB /* Extensions */ = {
			isa = PBXGroup;
			children = (
				E8AB9BEE282DEC2000A400CB /* Date+Formatter.swift */,
			);
			path = Extensions;
			sourceTree = "<group>";
		};
/* End PBXGroup section */

/* Begin PBXNativeTarget section */
		E88E5EAF28287EE3002CB004 /* Fleet */ = {
			isa = PBXNativeTarget;
			buildConfigurationList = E88E5EC428287EE4002CB004 /* Build configuration list for PBXNativeTarget "Fleet" */;
			buildPhases = (
				D6DBF140246D79BE2D8D1C74 /* [CP] Check Pods Manifest.lock */,
				E88E5EAC28287EE3002CB004 /* Sources */,
				E88E5EAD28287EE3002CB004 /* Frameworks */,
				E88E5EAE28287EE3002CB004 /* Resources */,
				8E043EDB8C603B8B0896D486 /* [CP] Copy Pods Resources */,
			);
			buildRules = (
			);
			dependencies = (
			);
			name = Fleet;
			packageProductDependencies = (
				E8AB9BDE282D157000A400CB /* Alamofire */,
			);
			productName = Fleet;
			productReference = E88E5EB028287EE3002CB004 /* Fleet.app */;
			productType = "com.apple.product-type.application";
		};
		E8AB9BBD282C8A1C00A400CB /* FleetTests */ = {
			isa = PBXNativeTarget;
			buildConfigurationList = E8AB9BC6282C8A1C00A400CB /* Build configuration list for PBXNativeTarget "FleetTests" */;
			buildPhases = (
				7D9EFB24B81B667CE92A7598 /* [CP] Check Pods Manifest.lock */,
				E8AB9BBA282C8A1C00A400CB /* Sources */,
				E8AB9BBB282C8A1C00A400CB /* Frameworks */,
				E8AB9BBC282C8A1C00A400CB /* Resources */,
			);
			buildRules = (
			);
			dependencies = (
				E8AB9BC3282C8A1C00A400CB /* PBXTargetDependency */,
			);
			name = FleetTests;
			productName = FleetTests;
			productReference = E8AB9BBE282C8A1C00A400CB /* FleetTests.xctest */;
			productType = "com.apple.product-type.bundle.unit-test";
		};
/* End PBXNativeTarget section */

/* Begin PBXProject section */
		E88E5EA828287EE3002CB004 /* Project object */ = {
			isa = PBXProject;
			attributes = {
				BuildIndependentTargetsInParallel = 1;
				LastSwiftUpdateCheck = 1330;
				LastUpgradeCheck = 1330;
				TargetAttributes = {
					E88E5EAF28287EE3002CB004 = {
						CreatedOnToolsVersion = 13.3.1;
					};
					E8AB9BBD282C8A1C00A400CB = {
						CreatedOnToolsVersion = 13.3.1;
						LastSwiftMigration = 1330;
						TestTargetID = E88E5EAF28287EE3002CB004;
					};
				};
			};
			buildConfigurationList = E88E5EAB28287EE3002CB004 /* Build configuration list for PBXProject "Fleet" */;
			compatibilityVersion = "Xcode 13.0";
			developmentRegion = en;
			hasScannedForEncodings = 0;
			knownRegions = (
				en,
				Base,
			);
			mainGroup = E88E5EA728287EE3002CB004;
			packageReferences = (
				E8AB9BDD282D157000A400CB /* XCRemoteSwiftPackageReference "Alamofire.git" */,
			);
			productRefGroup = E88E5EB128287EE3002CB004 /* Products */;
			projectDirPath = "";
			projectRoot = "";
			targets = (
				E88E5EAF28287EE3002CB004 /* Fleet */,
				E8AB9BBD282C8A1C00A400CB /* FleetTests */,
			);
		};
/* End PBXProject section */

/* Begin PBXResourcesBuildPhase section */
		E88E5EAE28287EE3002CB004 /* Resources */ = {
			isa = PBXResourcesBuildPhase;
			buildActionMask = 2147483647;
			files = (
				E88E5EC028287EE4002CB004 /* LaunchScreen.storyboard in Resources */,
				E88E5EBD28287EE4002CB004 /* Assets.xcassets in Resources */,
			);
			runOnlyForDeploymentPostprocessing = 0;
		};
		E8AB9BBC282C8A1C00A400CB /* Resources */ = {
			isa = PBXResourcesBuildPhase;
			buildActionMask = 2147483647;
			files = (
			);
			runOnlyForDeploymentPostprocessing = 0;
		};
/* End PBXResourcesBuildPhase section */

/* Begin PBXShellScriptBuildPhase section */
		7D9EFB24B81B667CE92A7598 /* [CP] Check Pods Manifest.lock */ = {
			isa = PBXShellScriptBuildPhase;
			buildActionMask = 2147483647;
			files = (
			);
			inputFileListPaths = (
			);
			inputPaths = (
				"${PODS_PODFILE_DIR_PATH}/Podfile.lock",
				"${PODS_ROOT}/Manifest.lock",
			);
			name = "[CP] Check Pods Manifest.lock";
			outputFileListPaths = (
			);
			outputPaths = (
				"$(DERIVED_FILE_DIR)/Pods-FleetTests-checkManifestLockResult.txt",
			);
			runOnlyForDeploymentPostprocessing = 0;
			shellPath = /bin/sh;
			shellScript = "diff \"${PODS_PODFILE_DIR_PATH}/Podfile.lock\" \"${PODS_ROOT}/Manifest.lock\" > /dev/null\nif [ $? != 0 ] ; then\n    # print error to STDERR\n    echo \"error: The sandbox is not in sync with the Podfile.lock. Run 'pod install' or update your CocoaPods installation.\" >&2\n    exit 1\nfi\n# This output is used by Xcode 'outputs' to avoid re-running this script phase.\necho \"SUCCESS\" > \"${SCRIPT_OUTPUT_FILE_0}\"\n";
			showEnvVarsInLog = 0;
		};
		8E043EDB8C603B8B0896D486 /* [CP] Copy Pods Resources */ = {
			isa = PBXShellScriptBuildPhase;
			buildActionMask = 2147483647;
			files = (
			);
			inputFileListPaths = (
				"${PODS_ROOT}/Target Support Files/Pods-Fleet/Pods-Fleet-resources-${CONFIGURATION}-input-files.xcfilelist",
			);
			name = "[CP] Copy Pods Resources";
			outputFileListPaths = (
				"${PODS_ROOT}/Target Support Files/Pods-Fleet/Pods-Fleet-resources-${CONFIGURATION}-output-files.xcfilelist",
			);
			runOnlyForDeploymentPostprocessing = 0;
			shellPath = /bin/sh;
			shellScript = "\"${PODS_ROOT}/Target Support Files/Pods-Fleet/Pods-Fleet-resources.sh\"\n";
			showEnvVarsInLog = 0;
		};
		D6DBF140246D79BE2D8D1C74 /* [CP] Check Pods Manifest.lock */ = {
			isa = PBXShellScriptBuildPhase;
			buildActionMask = 2147483647;
			files = (
			);
			inputFileListPaths = (
			);
			inputPaths = (
				"${PODS_PODFILE_DIR_PATH}/Podfile.lock",
				"${PODS_ROOT}/Manifest.lock",
			);
			name = "[CP] Check Pods Manifest.lock";
			outputFileListPaths = (
			);
			outputPaths = (
				"$(DERIVED_FILE_DIR)/Pods-Fleet-checkManifestLockResult.txt",
			);
			runOnlyForDeploymentPostprocessing = 0;
			shellPath = /bin/sh;
			shellScript = "diff \"${PODS_PODFILE_DIR_PATH}/Podfile.lock\" \"${PODS_ROOT}/Manifest.lock\" > /dev/null\nif [ $? != 0 ] ; then\n    # print error to STDERR\n    echo \"error: The sandbox is not in sync with the Podfile.lock. Run 'pod install' or update your CocoaPods installation.\" >&2\n    exit 1\nfi\n# This output is used by Xcode 'outputs' to avoid re-running this script phase.\necho \"SUCCESS\" > \"${SCRIPT_OUTPUT_FILE_0}\"\n";
			showEnvVarsInLog = 0;
		};
/* End PBXShellScriptBuildPhase section */

/* Begin PBXSourcesBuildPhase section */
		E88E5EAC28287EE3002CB004 /* Sources */ = {
			isa = PBXSourcesBuildPhase;
			buildActionMask = 2147483647;
			files = (
				E88E5EDF2828B7D0002CB004 /* ApiClient.swift in Sources */,
				E8AB9BE1282D173F00A400CB /* ApiRequestInterceptor.swift in Sources */,
				E8ADDC05282E040900294E59 /* ApiKeyCoordinator.swift in Sources */,
				E8AB9BDC282D10D900A400CB /* UserDefaultsKey.swift in Sources */,
				E8AB9BE8282DB83400A400CB /* BodyResponse.swift in Sources */,
				E861C557282B54FD001CD326 /* ApiKeyViewController.swift in Sources */,
				E88E5EEB2829DAD3002CB004 /* ApiKeyViewModel.swift in Sources */,
				E88E5EE92828BF14002CB004 /* LocalDataStore.swift in Sources */,
				E88E5EF62829EE60002CB004 /* ViewConfiguration.swift in Sources */,
				E8AB9BD8282D0DA400A400CB /* VehiclesService.swift in Sources */,
				E88E5EF42829EA3B002CB004 /* Dynamic.swift in Sources */,
				E8AB9BE3282D278B00A400CB /* NetworkError.swift in Sources */,
				E88E5EF22829E9A5002CB004 /* VehiclesViewController.swift in Sources */,
				E88E5ED92828ADD2002CB004 /* Vehicle.swift in Sources */,
				E8AB9BEA282DCB3100A400CB /* AlertModel.swift in Sources */,
				E8AB9BEC282DCBB400A400CB /* Either.swift in Sources */,
				E88E5EE42828B8D9002CB004 /* Endpoint.swift in Sources */,
				E84AE614282A70AB0020CC1B /* VehiclesViewModel.swift in Sources */,
				E88E5EED2829DBF2002CB004 /* ApiKeyService.swift in Sources */,
				E88E5ECD28288D14002CB004 /* AppCoordinator.swift in Sources */,
				E8AB9BF1282DF14500A400CB /* DateUtils.swift in Sources */,
				E88E5ECF28288D1E002CB004 /* Coordinator.swift in Sources */,
				E88E5EF92829EEAC002CB004 /* VehicleCell.swift in Sources */,
				E88E5EB428287EE3002CB004 /* AppDelegate.swift in Sources */,
				E8AB9BDA282D0EF500A400CB /* VehiclesDataSource.swift in Sources */,
				E88E5EB628287EE3002CB004 /* SceneDelegate.swift in Sources */,
				E8AB9BEF282DEC2000A400CB /* Date+Formatter.swift in Sources */,
				E88E5EF02829E978002CB004 /* VehiclesCoordinator.swift in Sources */,
			);
			runOnlyForDeploymentPostprocessing = 0;
		};
		E8AB9BBA282C8A1C00A400CB /* Sources */ = {
			isa = PBXSourcesBuildPhase;
			buildActionMask = 2147483647;
			files = (
				E8AB9BD6282CA31800A400CB /* ApiKeyServiceMock.swift in Sources */,
				E8AB9BE6282D3B8800A400CB /* ApiRequestInterceptorTests.swift in Sources */,
				E8AB9BD3282CA2BD00A400CB /* ApiKeyViewModelTests.swift in Sources */,
				E8AB9BCC282C8AB600A400CB /* ApiKeyServiceTests.swift in Sources */,
				E8AB9BCF282C948800A400CB /* LocalDataStoreMock.swift in Sources */,
			);
			runOnlyForDeploymentPostprocessing = 0;
		};
/* End PBXSourcesBuildPhase section */

/* Begin PBXTargetDependency section */
		E8AB9BC3282C8A1C00A400CB /* PBXTargetDependency */ = {
			isa = PBXTargetDependency;
			target = E88E5EAF28287EE3002CB004 /* Fleet */;
			targetProxy = E8AB9BC2282C8A1C00A400CB /* PBXContainerItemProxy */;
		};
/* End PBXTargetDependency section */

/* Begin PBXVariantGroup section */
		E88E5EBE28287EE4002CB004 /* LaunchScreen.storyboard */ = {
			isa = PBXVariantGroup;
			children = (
				E88E5EBF28287EE4002CB004 /* Base */,
			);
			name = LaunchScreen.storyboard;
			sourceTree = "<group>";
		};
/* End PBXVariantGroup section */

/* Begin XCBuildConfiguration section */
		E88E5EC228287EE4002CB004 /* Debug */ = {
			isa = XCBuildConfiguration;
			buildSettings = {
				ALWAYS_SEARCH_USER_PATHS = NO;
				CLANG_ANALYZER_NONNULL = YES;
				CLANG_ANALYZER_NUMBER_OBJECT_CONVERSION = YES_AGGRESSIVE;
				CLANG_CXX_LANGUAGE_STANDARD = "gnu++17";
				CLANG_ENABLE_MODULES = YES;
				CLANG_ENABLE_OBJC_ARC = YES;
				CLANG_ENABLE_OBJC_WEAK = YES;
				CLANG_WARN_BLOCK_CAPTURE_AUTORELEASING = YES;
				CLANG_WARN_BOOL_CONVERSION = YES;
				CLANG_WARN_COMMA = YES;
				CLANG_WARN_CONSTANT_CONVERSION = YES;
				CLANG_WARN_DEPRECATED_OBJC_IMPLEMENTATIONS = YES;
				CLANG_WARN_DIRECT_OBJC_ISA_USAGE = YES_ERROR;
				CLANG_WARN_DOCUMENTATION_COMMENTS = YES;
				CLANG_WARN_EMPTY_BODY = YES;
				CLANG_WARN_ENUM_CONVERSION = YES;
				CLANG_WARN_INFINITE_RECURSION = YES;
				CLANG_WARN_INT_CONVERSION = YES;
				CLANG_WARN_NON_LITERAL_NULL_CONVERSION = YES;
				CLANG_WARN_OBJC_IMPLICIT_RETAIN_SELF = YES;
				CLANG_WARN_OBJC_LITERAL_CONVERSION = YES;
				CLANG_WARN_OBJC_ROOT_CLASS = YES_ERROR;
				CLANG_WARN_QUOTED_INCLUDE_IN_FRAMEWORK_HEADER = YES;
				CLANG_WARN_RANGE_LOOP_ANALYSIS = YES;
				CLANG_WARN_STRICT_PROTOTYPES = YES;
				CLANG_WARN_SUSPICIOUS_MOVE = YES;
				CLANG_WARN_UNGUARDED_AVAILABILITY = YES_AGGRESSIVE;
				CLANG_WARN_UNREACHABLE_CODE = YES;
				CLANG_WARN__DUPLICATE_METHOD_MATCH = YES;
				COPY_PHASE_STRIP = NO;
				DEBUG_INFORMATION_FORMAT = dwarf;
				ENABLE_STRICT_OBJC_MSGSEND = YES;
				ENABLE_TESTABILITY = YES;
				GCC_C_LANGUAGE_STANDARD = gnu11;
				GCC_DYNAMIC_NO_PIC = NO;
				GCC_NO_COMMON_BLOCKS = YES;
				GCC_OPTIMIZATION_LEVEL = 0;
				GCC_PREPROCESSOR_DEFINITIONS = (
					"DEBUG=1",
					"$(inherited)",
				);
				GCC_WARN_64_TO_32_BIT_CONVERSION = YES;
				GCC_WARN_ABOUT_RETURN_TYPE = YES_ERROR;
				GCC_WARN_UNDECLARED_SELECTOR = YES;
				GCC_WARN_UNINITIALIZED_AUTOS = YES_AGGRESSIVE;
				GCC_WARN_UNUSED_FUNCTION = YES;
				GCC_WARN_UNUSED_VARIABLE = YES;
				IPHONEOS_DEPLOYMENT_TARGET = 12.0;
				MTL_ENABLE_DEBUG_INFO = INCLUDE_SOURCE;
				MTL_FAST_MATH = YES;
				ONLY_ACTIVE_ARCH = YES;
				SDKROOT = iphoneos;
				SWIFT_ACTIVE_COMPILATION_CONDITIONS = DEBUG;
				SWIFT_OPTIMIZATION_LEVEL = "-Onone";
			};
			name = Debug;
		};
		E88E5EC328287EE4002CB004 /* Release */ = {
			isa = XCBuildConfiguration;
			buildSettings = {
				ALWAYS_SEARCH_USER_PATHS = NO;
				CLANG_ANALYZER_NONNULL = YES;
				CLANG_ANALYZER_NUMBER_OBJECT_CONVERSION = YES_AGGRESSIVE;
				CLANG_CXX_LANGUAGE_STANDARD = "gnu++17";
				CLANG_ENABLE_MODULES = YES;
				CLANG_ENABLE_OBJC_ARC = YES;
				CLANG_ENABLE_OBJC_WEAK = YES;
				CLANG_WARN_BLOCK_CAPTURE_AUTORELEASING = YES;
				CLANG_WARN_BOOL_CONVERSION = YES;
				CLANG_WARN_COMMA = YES;
				CLANG_WARN_CONSTANT_CONVERSION = YES;
				CLANG_WARN_DEPRECATED_OBJC_IMPLEMENTATIONS = YES;
				CLANG_WARN_DIRECT_OBJC_ISA_USAGE = YES_ERROR;
				CLANG_WARN_DOCUMENTATION_COMMENTS = YES;
				CLANG_WARN_EMPTY_BODY = YES;
				CLANG_WARN_ENUM_CONVERSION = YES;
				CLANG_WARN_INFINITE_RECURSION = YES;
				CLANG_WARN_INT_CONVERSION = YES;
				CLANG_WARN_NON_LITERAL_NULL_CONVERSION = YES;
				CLANG_WARN_OBJC_IMPLICIT_RETAIN_SELF = YES;
				CLANG_WARN_OBJC_LITERAL_CONVERSION = YES;
				CLANG_WARN_OBJC_ROOT_CLASS = YES_ERROR;
				CLANG_WARN_QUOTED_INCLUDE_IN_FRAMEWORK_HEADER = YES;
				CLANG_WARN_RANGE_LOOP_ANALYSIS = YES;
				CLANG_WARN_STRICT_PROTOTYPES = YES;
				CLANG_WARN_SUSPICIOUS_MOVE = YES;
				CLANG_WARN_UNGUARDED_AVAILABILITY = YES_AGGRESSIVE;
				CLANG_WARN_UNREACHABLE_CODE = YES;
				CLANG_WARN__DUPLICATE_METHOD_MATCH = YES;
				COPY_PHASE_STRIP = NO;
				DEBUG_INFORMATION_FORMAT = "dwarf-with-dsym";
				ENABLE_NS_ASSERTIONS = NO;
				ENABLE_STRICT_OBJC_MSGSEND = YES;
				GCC_C_LANGUAGE_STANDARD = gnu11;
				GCC_NO_COMMON_BLOCKS = YES;
				GCC_WARN_64_TO_32_BIT_CONVERSION = YES;
				GCC_WARN_ABOUT_RETURN_TYPE = YES_ERROR;
				GCC_WARN_UNDECLARED_SELECTOR = YES;
				GCC_WARN_UNINITIALIZED_AUTOS = YES_AGGRESSIVE;
				GCC_WARN_UNUSED_FUNCTION = YES;
				GCC_WARN_UNUSED_VARIABLE = YES;
				IPHONEOS_DEPLOYMENT_TARGET = 12.0;
				MTL_ENABLE_DEBUG_INFO = NO;
				MTL_FAST_MATH = YES;
				SDKROOT = iphoneos;
				SWIFT_COMPILATION_MODE = wholemodule;
				SWIFT_OPTIMIZATION_LEVEL = "-O";
				VALIDATE_PRODUCT = YES;
			};
			name = Release;
		};
		E88E5EC528287EE4002CB004 /* Debug */ = {
			isa = XCBuildConfiguration;
			baseConfigurationReference = EB6A70C9693D8608746AFEA9 /* Pods-Fleet.debug.xcconfig */;
			buildSettings = {
				ASSETCATALOG_COMPILER_APPICON_NAME = AppIcon;
				ASSETCATALOG_COMPILER_GLOBAL_ACCENT_COLOR_NAME = AccentColor;
				CODE_SIGN_STYLE = Automatic;
				CURRENT_PROJECT_VERSION = 1;
				DEVELOPMENT_TEAM = 248SB9J68G;
				GENERATE_INFOPLIST_FILE = YES;
				INFOPLIST_FILE = "Fleet/Supporting Files/Info.plist";
				INFOPLIST_KEY_UIApplicationSupportsIndirectInputEvents = YES;
				INFOPLIST_KEY_UILaunchStoryboardName = LaunchScreen;
				INFOPLIST_KEY_UISupportedInterfaceOrientations_iPad = "UIInterfaceOrientationPortrait UIInterfaceOrientationPortraitUpsideDown UIInterfaceOrientationLandscapeLeft UIInterfaceOrientationLandscapeRight";
				INFOPLIST_KEY_UISupportedInterfaceOrientations_iPhone = "UIInterfaceOrientationPortrait UIInterfaceOrientationLandscapeLeft UIInterfaceOrientationLandscapeRight";
				LD_RUNPATH_SEARCH_PATHS = (
					"$(inherited)",
					"@executable_path/Frameworks",
				);
				MARKETING_VERSION = 1.0;
				PRODUCT_BUNDLE_IDENTIFIER = bevital.dev.Fleet;
				PRODUCT_NAME = "$(TARGET_NAME)";
				SWIFT_EMIT_LOC_STRINGS = YES;
				SWIFT_VERSION = 5.0;
				TARGETED_DEVICE_FAMILY = "1,2";
			};
			name = Debug;
		};
		E88E5EC628287EE4002CB004 /* Release */ = {
			isa = XCBuildConfiguration;
			baseConfigurationReference = EAE9DE11A802E3C8200E5689 /* Pods-Fleet.release.xcconfig */;
			buildSettings = {
				ASSETCATALOG_COMPILER_APPICON_NAME = AppIcon;
				ASSETCATALOG_COMPILER_GLOBAL_ACCENT_COLOR_NAME = AccentColor;
				CODE_SIGN_STYLE = Automatic;
				CURRENT_PROJECT_VERSION = 1;
				DEVELOPMENT_TEAM = 248SB9J68G;
				GENERATE_INFOPLIST_FILE = YES;
				INFOPLIST_FILE = "Fleet/Supporting Files/Info.plist";
				INFOPLIST_KEY_UIApplicationSupportsIndirectInputEvents = YES;
				INFOPLIST_KEY_UILaunchStoryboardName = LaunchScreen;
				INFOPLIST_KEY_UISupportedInterfaceOrientations_iPad = "UIInterfaceOrientationPortrait UIInterfaceOrientationPortraitUpsideDown UIInterfaceOrientationLandscapeLeft UIInterfaceOrientationLandscapeRight";
				INFOPLIST_KEY_UISupportedInterfaceOrientations_iPhone = "UIInterfaceOrientationPortrait UIInterfaceOrientationLandscapeLeft UIInterfaceOrientationLandscapeRight";
				LD_RUNPATH_SEARCH_PATHS = (
					"$(inherited)",
					"@executable_path/Frameworks",
				);
				MARKETING_VERSION = 1.0;
				PRODUCT_BUNDLE_IDENTIFIER = bevital.dev.Fleet;
				PRODUCT_NAME = "$(TARGET_NAME)";
				SWIFT_EMIT_LOC_STRINGS = YES;
				SWIFT_VERSION = 5.0;
				TARGETED_DEVICE_FAMILY = "1,2";
			};
			name = Release;
		};
		E8AB9BC4282C8A1C00A400CB /* Debug */ = {
			isa = XCBuildConfiguration;
			baseConfigurationReference = 8334484CDC9A8A389730122C /* Pods-FleetTests.debug.xcconfig */;
			buildSettings = {
				BUNDLE_LOADER = "$(TEST_HOST)";
				CLANG_ENABLE_MODULES = YES;
				CODE_SIGN_STYLE = Automatic;
				CURRENT_PROJECT_VERSION = 1;
				DEVELOPMENT_TEAM = 248SB9J68G;
				GENERATE_INFOPLIST_FILE = YES;
				IPHONEOS_DEPLOYMENT_TARGET = 12.0;
				LD_RUNPATH_SEARCH_PATHS = (
					"$(inherited)",
					"@executable_path/Frameworks",
					"@loader_path/Frameworks",
				);
				MARKETING_VERSION = 1.0;
				PRODUCT_BUNDLE_IDENTIFIER = bevital.dev.FleetTests;
				PRODUCT_NAME = "$(TARGET_NAME)";
				SWIFT_EMIT_LOC_STRINGS = NO;
				SWIFT_OBJC_BRIDGING_HEADER = "FleetTests/FleetTests-Bridging-Header.h";
				SWIFT_OPTIMIZATION_LEVEL = "-Onone";
				SWIFT_VERSION = 5.0;
				TARGETED_DEVICE_FAMILY = "1,2";
				TEST_HOST = "$(BUILT_PRODUCTS_DIR)/Fleet.app/Fleet";
			};
			name = Debug;
		};
		E8AB9BC5282C8A1C00A400CB /* Release */ = {
			isa = XCBuildConfiguration;
			baseConfigurationReference = B6FB31E028C93096EA915265 /* Pods-FleetTests.release.xcconfig */;
			buildSettings = {
				BUNDLE_LOADER = "$(TEST_HOST)";
				CLANG_ENABLE_MODULES = YES;
				CODE_SIGN_STYLE = Automatic;
				CURRENT_PROJECT_VERSION = 1;
				DEVELOPMENT_TEAM = 248SB9J68G;
				GENERATE_INFOPLIST_FILE = YES;
				IPHONEOS_DEPLOYMENT_TARGET = 12.0;
				LD_RUNPATH_SEARCH_PATHS = (
					"$(inherited)",
					"@executable_path/Frameworks",
					"@loader_path/Frameworks",
				);
				MARKETING_VERSION = 1.0;
				PRODUCT_BUNDLE_IDENTIFIER = bevital.dev.FleetTests;
				PRODUCT_NAME = "$(TARGET_NAME)";
				SWIFT_EMIT_LOC_STRINGS = NO;
				SWIFT_OBJC_BRIDGING_HEADER = "FleetTests/FleetTests-Bridging-Header.h";
				SWIFT_VERSION = 5.0;
				TARGETED_DEVICE_FAMILY = "1,2";
				TEST_HOST = "$(BUILT_PRODUCTS_DIR)/Fleet.app/Fleet";
			};
			name = Release;
		};
/* End XCBuildConfiguration section */

/* Begin XCConfigurationList section */
		E88E5EAB28287EE3002CB004 /* Build configuration list for PBXProject "Fleet" */ = {
			isa = XCConfigurationList;
			buildConfigurations = (
				E88E5EC228287EE4002CB004 /* Debug */,
				E88E5EC328287EE4002CB004 /* Release */,
			);
			defaultConfigurationIsVisible = 0;
			defaultConfigurationName = Release;
		};
		E88E5EC428287EE4002CB004 /* Build configuration list for PBXNativeTarget "Fleet" */ = {
			isa = XCConfigurationList;
			buildConfigurations = (
				E88E5EC528287EE4002CB004 /* Debug */,
				E88E5EC628287EE4002CB004 /* Release */,
			);
			defaultConfigurationIsVisible = 0;
			defaultConfigurationName = Release;
		};
		E8AB9BC6282C8A1C00A400CB /* Build configuration list for PBXNativeTarget "FleetTests" */ = {
			isa = XCConfigurationList;
			buildConfigurations = (
				E8AB9BC4282C8A1C00A400CB /* Debug */,
				E8AB9BC5282C8A1C00A400CB /* Release */,
			);
			defaultConfigurationIsVisible = 0;
			defaultConfigurationName = Release;
		};
/* End XCConfigurationList section */

/* Begin XCRemoteSwiftPackageReference section */
		E8AB9BDD282D157000A400CB /* XCRemoteSwiftPackageReference "Alamofire.git" */ = {
			isa = XCRemoteSwiftPackageReference;
			repositoryURL = "https://github.com/Alamofire/Alamofire.git";
			requirement = {
				kind = upToNextMajorVersion;
				minimumVersion = 5.0.0;
			};
		};
/* End XCRemoteSwiftPackageReference section */

/* Begin XCSwiftPackageProductDependency section */
		E8AB9BDE282D157000A400CB /* Alamofire */ = {
			isa = XCSwiftPackageProductDependency;
			package = E8AB9BDD282D157000A400CB /* XCRemoteSwiftPackageReference "Alamofire.git" */;
			productName = Alamofire;
		};
/* End XCSwiftPackageProductDependency section */
	};
	rootObject = E88E5EA828287EE3002CB004 /* Project object */;
}
